
Microsoft Visual Studio Solution File, Format Version 12.00
# Visual Studio Version 16
VisualStudioVersion = 16.0.34031.81
MinimumVisualStudioVersion = 10.0.40219.1
Project("{2150E333-8FDC-42A3-9474-1A3956D46DE8}") = "Task0", "Task0", "{9F0683E0-E4A4-420B-B98A-2C8044C1A95F}"
EndProject
Project("{FAE04EC0-301F-11D3-BF4B-00C04F79EFBC}") = "Tyuiu.MalsagovUA.Sprint5.Task0.V27", "Tyuiu.MalsagovUA.Sprint5.Task0.V27\Tyuiu.MalsagovUA.Sprint5.Task0.V27.csproj", "{56FD9C52-5F16-44D0-84A5-84FF6109A553}"
EndProject
Project("{FAE04EC0-301F-11D3-BF4B-00C04F79EFBC}") = "Tyuiu.MalsagovUA.Sprint5.Task0.V27.Lib", "Tyuiu.MalsagovUA.Sprint5.Task0.V27.Lib\Tyuiu.MalsagovUA.Sprint5.Task0.V27.Lib.csproj", "{BF856DB4-203E-470A-B2BB-8C715B4E8E97}"
EndProject
Project("{FAE04EC0-301F-11D3-BF4B-00C04F79EFBC}") = "Tyuiu.MalsagovUA.Sprint5.Task0.V27.Test", "Tyuiu.MalsagovUA.Sprint5.Task0.V27.Test\Tyuiu.MalsagovUA.Sprint5.Task0.V27.Test.csproj", "{582D30A4-2393-4BAA-93EA-BC47408A701C}"
EndProject
Project("{2150E333-8FDC-42A3-9474-1A3956D46DE8}") = "Task1", "Task1", "{F2C2A331-87D3-4AB2-8FED-D15B3EAC0187}"
EndProject
Project("{FAE04EC0-301F-11D3-BF4B-00C04F79EFBC}") = "Tyuiu.MalsagovUA.Sprint5.Task1.V10", "Tyuiu.MalsagovUA.Sprint5.Task1.V10\Tyuiu.MalsagovUA.Sprint5.Task1.V10.csproj", "{E15F78FC-FDCE-4AF2-BDFE-43772AE477CF}"
EndProject
Project("{FAE04EC0-301F-11D3-BF4B-00C04F79EFBC}") = "Tyuiu.MalsagovUA.Sprint5.Task1.V10.Lib", "Tyuiu.MalsagovUA.Sprint5.Task1.V10.Lib\Tyuiu.MalsagovUA.Sprint5.Task1.V10.Lib.csproj", "{D94A3DB7-6955-4287-8707-085E39523D9A}"
EndProject
Project("{FAE04EC0-301F-11D3-BF4B-00C04F79EFBC}") = "Tyuiu.MalsagovUA.Sprint5.Task1.V10.Test", "Tyuiu.MalsagovUA.Sprint5.Task1.V10.Test\Tyuiu.MalsagovUA.Sprint5.Task1.V10.Test.csproj", "{F00E0920-E456-46A9-AB66-5648DFA60438}"
EndProject
Project("{2150E333-8FDC-42A3-9474-1A3956D46DE8}") = "Task2", "Task2", "{C9C30714-9F19-4762-ABBA-B2CB9E25348B}"
EndProject
Project("{FAE04EC0-301F-11D3-BF4B-00C04F79EFBC}") = "Tyuiu.MalsagovUA.Sprint5.Task2.V19", "Tyuiu.MalsagovUA.Sprint5.Task2.V19\Tyuiu.MalsagovUA.Sprint5.Task2.V19.csproj", "{DBC25DA6-4CCC-4305-A4BC-33BCBD897828}"
EndProject
Project("{FAE04EC0-301F-11D3-BF4B-00C04F79EFBC}") = "Tyuiu.MalsagovUA.Sprint5.Task2.V19.Lib", "Tyuiu.MalsagovUA.Sprint5.Task2.V19.Lib\Tyuiu.MalsagovUA.Sprint5.Task2.V19.Lib.csproj", "{DA3815A7-EF42-437D-975D-5BCCC86EC864}"
EndProject
Project("{FAE04EC0-301F-11D3-BF4B-00C04F79EFBC}") = "Tyuiu.MalsagovUA.Sprint5.Task2.V19.Test", "Tyuiu.MalsagovUA.Sprint5.Task2.V19.Test\Tyuiu.MalsagovUA.Sprint5.Task2.V19.Test.csproj", "{8DE5EAA6-08AD-4EB3-BCD8-07089F31B168}"
EndProject
Project("{2150E333-8FDC-42A3-9474-1A3956D46DE8}") = "Task3", "Task3", "{048E65B9-0BAA-4FF1-BAFC-DCEBBBF30888}"
EndProject
Project("{FAE04EC0-301F-11D3-BF4B-00C04F79EFBC}") = "Tyuiu.MalsagovUA.Sprint5.Task3.V26", "Tyuiu.MalsagovUA.Sprint5.Task3.V26\Tyuiu.MalsagovUA.Sprint5.Task3.V26.csproj", "{91CF403B-E0D7-402F-88D7-BE3B557315FF}"
EndProject
Project("{FAE04EC0-301F-11D3-BF4B-00C04F79EFBC}") = "Tyuiu.MalsagovUA.Sprint5.Task3.V26.Test", "Tyuiu.MalsagovUA.Sprint5.Task3.V26.Test\Tyuiu.MalsagovUA.Sprint5.Task3.V26.Test.csproj", "{4DC8E1C2-06DD-4ED9-8730-625C88F9C7AD}"
EndProject
Project("{FAE04EC0-301F-11D3-BF4B-00C04F79EFBC}") = "Tyuiu.MalsagovUA.Sprint5.Task3.V26.Lib", "Tyuiu.MalsagovUA.Sprint5.Task3.V26.Lib\Tyuiu.MalsagovUA.Sprint5.Task3.V26.Lib.csproj", "{F910C408-5A8A-4805-9CF6-58AA8CAEE63A}"
EndProject
Project("{2150E333-8FDC-42A3-9474-1A3956D46DE8}") = "Task4", "Task4", "{9ADD5228-2C47-4D5C-AFB0-4B06404557FD}"
EndProject
Project("{FAE04EC0-301F-11D3-BF4B-00C04F79EFBC}") = "Tyuiu.MalsagovUA.Sprint5.Task4.V10", "Tyuiu.MalsagovUA.Sprint5.Task4.V10\Tyuiu.MalsagovUA.Sprint5.Task4.V10.csproj", "{D692C1BF-28CD-41A3-B3D3-A6FED3819F93}"
EndProject
Project("{FAE04EC0-301F-11D3-BF4B-00C04F79EFBC}") = "Tyuiu.MalsagovUA.Sprint5.Task4.V10.Lib", "Tyuiu.MalsagovUA.Sprint5.Task4.V10.Lib\Tyuiu.MalsagovUA.Sprint5.Task4.V10.Lib.csproj", "{5AF59313-D06B-4241-A017-6CF4B5A83E89}"
EndProject
Project("{FAE04EC0-301F-11D3-BF4B-00C04F79EFBC}") = "Tyuiu.MalsagovUA.Sprint5.Task4.V10.Test", "Tyuiu.MalsagovUA.Sprint5.Task4.V10.Test\Tyuiu.MalsagovUA.Sprint5.Task4.V10.Test.csproj", "{A28D42C6-0E42-4890-9A97-C1D17B4368FD}"
EndProject
Project("{2150E333-8FDC-42A3-9474-1A3956D46DE8}") = "Task5", "Task5", "{0A75D61B-8B6D-4321-9BC2-AC9F0A1F3C8D}"
EndProject
Project("{FAE04EC0-301F-11D3-BF4B-00C04F79EFBC}") = "Tyuiu.MalsagovUA.Sprint5.Task5.V9", "Tyuiu.MalsagovUA.Sprint5.Task5.V9\Tyuiu.MalsagovUA.Sprint5.Task5.V9.csproj", "{2445F1CC-38CD-4732-B673-47F607C64670}"
EndProject
Project("{FAE04EC0-301F-11D3-BF4B-00C04F79EFBC}") = "Tyuiu.MalsagovUA.Sprint5.Task5.V9.Lib", "Tyuiu.MalsagovUA.Sprint5.Task5.V9.Lib\Tyuiu.MalsagovUA.Sprint5.Task5.V9.Lib.csproj", "{FB694B0B-490B-45A5-8697-DC52D6594D48}"
EndProject
Project("{FAE04EC0-301F-11D3-BF4B-00C04F79EFBC}") = "Tyuiu.MalsagovUA.Sprint5.Task5.V9.Test", "Tyuiu.MalsagovUA.Sprint5.Task5.V9.Test\Tyuiu.MalsagovUA.Sprint5.Task5.V9.Test.csproj", "{65E56FAE-0DF5-4879-A1DD-37A9908C1578}"
EndProject
Project("{2150E333-8FDC-42A3-9474-1A3956D46DE8}") = "Task6", "Task6", "{CF0C5302-B407-421B-85EF-981BAA0852C5}"
EndProject
Project("{FAE04EC0-301F-11D3-BF4B-00C04F79EFBC}") = "Tyuiu.MalsagovUA.Sprint5.Task6.V12", "Tyuiu.MalsagovUA.Sprint5.Task6.V12\Tyuiu.MalsagovUA.Sprint5.Task6.V12.csproj", "{DC7E40F3-7063-4533-9132-B11EA6A4C9DF}"
EndProject
Project("{FAE04EC0-301F-11D3-BF4B-00C04F79EFBC}") = "Tyuiu.MalsagovUA.Sprint5.Task6.V12.Lib", "Tyuiu.MalsagovUA.Sprint5.Task6.V12.Lib\Tyuiu.MalsagovUA.Sprint5.Task6.V12.Lib.csproj", "{04ACAEF0-C401-4BF2-87F1-097EA2ED3345}"
EndProject
Project("{FAE04EC0-301F-11D3-BF4B-00C04F79EFBC}") = "Tyuiu.MalsagovUA.Sprint5.Task6.V12.Test", "Tyuiu.MalsagovUA.Sprint5.Task6.V12.Test\Tyuiu.MalsagovUA.Sprint5.Task6.V12.Test.csproj", "{667B1BE7-0EC6-4AEA-B57F-3562B3C2222C}"
EndProject
Project("{2150E333-8FDC-42A3-9474-1A3956D46DE8}") = "Task7", "Task7", "{FBAAFE47-7726-4520-A7C7-38D074CB084D}"
EndProject
Project("{FAE04EC0-301F-11D3-BF4B-00C04F79EFBC}") = "Tyuiu.MalsagovUA.Sprint5.Task7.V22", "Tyuiu.MalsagovUA.Sprint5.Task7.V22\Tyuiu.MalsagovUA.Sprint5.Task7.V22.csproj", "{06542B2E-F248-4885-913B-92C4EAA3990A}"
EndProject
Project("{FAE04EC0-301F-11D3-BF4B-00C04F79EFBC}") = "Tyuiu.MalsagovUA.Sprint5.Task7.V22.Lib", "Tyuiu.MalsagovUA.Sprint5.Task7.V22.Lib\Tyuiu.MalsagovUA.Sprint5.Task7.V22.Lib.csproj", "{3CE21588-D0CE-45E8-B4B7-D752B04FEF09}"
EndProject
Project("{FAE04EC0-301F-11D3-BF4B-00C04F79EFBC}") = "Tyuiu.MalsagovUA.Sprint5.Task7.V22.Test", "Tyuiu.MalsagovUA.Sprint5.Task7.V22.Test\Tyuiu.MalsagovUA.Sprint5.Task7.V22.Test.csproj", "{AD3EAAE0-4DB2-462E-8A59-C481A1231ED7}"
EndProject
Global
	GlobalSection(SolutionConfigurationPlatforms) = preSolution
		Debug|Any CPU = Debug|Any CPU
		Release|Any CPU = Release|Any CPU
	EndGlobalSection
	GlobalSection(ProjectConfigurationPlatforms) = postSolution
		{56FD9C52-5F16-44D0-84A5-84FF6109A553}.Debug|Any CPU.ActiveCfg = Debug|Any CPU
		{56FD9C52-5F16-44D0-84A5-84FF6109A553}.Debug|Any CPU.Build.0 = Debug|Any CPU
		{56FD9C52-5F16-44D0-84A5-84FF6109A553}.Release|Any CPU.ActiveCfg = Release|Any CPU
		{56FD9C52-5F16-44D0-84A5-84FF6109A553}.Release|Any CPU.Build.0 = Release|Any CPU
		{BF856DB4-203E-470A-B2BB-8C715B4E8E97}.Debug|Any CPU.ActiveCfg = Debug|Any CPU
		{BF856DB4-203E-470A-B2BB-8C715B4E8E97}.Debug|Any CPU.Build.0 = Debug|Any CPU
		{BF856DB4-203E-470A-B2BB-8C715B4E8E97}.Release|Any CPU.ActiveCfg = Release|Any CPU
		{BF856DB4-203E-470A-B2BB-8C715B4E8E97}.Release|Any CPU.Build.0 = Release|Any CPU
		{582D30A4-2393-4BAA-93EA-BC47408A701C}.Debug|Any CPU.ActiveCfg = Debug|Any CPU
		{582D30A4-2393-4BAA-93EA-BC47408A701C}.Debug|Any CPU.Build.0 = Debug|Any CPU
		{582D30A4-2393-4BAA-93EA-BC47408A701C}.Release|Any CPU.ActiveCfg = Release|Any CPU
		{582D30A4-2393-4BAA-93EA-BC47408A701C}.Release|Any CPU.Build.0 = Release|Any CPU
		{E15F78FC-FDCE-4AF2-BDFE-43772AE477CF}.Debug|Any CPU.ActiveCfg = Debug|Any CPU
		{E15F78FC-FDCE-4AF2-BDFE-43772AE477CF}.Debug|Any CPU.Build.0 = Debug|Any CPU
		{E15F78FC-FDCE-4AF2-BDFE-43772AE477CF}.Release|Any CPU.ActiveCfg = Release|Any CPU
		{E15F78FC-FDCE-4AF2-BDFE-43772AE477CF}.Release|Any CPU.Build.0 = Release|Any CPU
		{D94A3DB7-6955-4287-8707-085E39523D9A}.Debug|Any CPU.ActiveCfg = Debug|Any CPU
		{D94A3DB7-6955-4287-8707-085E39523D9A}.Debug|Any CPU.Build.0 = Debug|Any CPU
		{D94A3DB7-6955-4287-8707-085E39523D9A}.Release|Any CPU.ActiveCfg = Release|Any CPU
		{D94A3DB7-6955-4287-8707-085E39523D9A}.Release|Any CPU.Build.0 = Release|Any CPU
		{F00E0920-E456-46A9-AB66-5648DFA60438}.Debug|Any CPU.ActiveCfg = Debug|Any CPU
		{F00E0920-E456-46A9-AB66-5648DFA60438}.Debug|Any CPU.Build.0 = Debug|Any CPU
		{F00E0920-E456-46A9-AB66-5648DFA60438}.Release|Any CPU.ActiveCfg = Release|Any CPU
		{F00E0920-E456-46A9-AB66-5648DFA60438}.Release|Any CPU.Build.0 = Release|Any CPU
		{DBC25DA6-4CCC-4305-A4BC-33BCBD897828}.Debug|Any CPU.ActiveCfg = Debug|Any CPU
		{DBC25DA6-4CCC-4305-A4BC-33BCBD897828}.Debug|Any CPU.Build.0 = Debug|Any CPU
		{DBC25DA6-4CCC-4305-A4BC-33BCBD897828}.Release|Any CPU.ActiveCfg = Release|Any CPU
		{DBC25DA6-4CCC-4305-A4BC-33BCBD897828}.Release|Any CPU.Build.0 = Release|Any CPU
		{DA3815A7-EF42-437D-975D-5BCCC86EC864}.Debug|Any CPU.ActiveCfg = Debug|Any CPU
		{DA3815A7-EF42-437D-975D-5BCCC86EC864}.Debug|Any CPU.Build.0 = Debug|Any CPU
		{DA3815A7-EF42-437D-975D-5BCCC86EC864}.Release|Any CPU.ActiveCfg = Release|Any CPU
		{DA3815A7-EF42-437D-975D-5BCCC86EC864}.Release|Any CPU.Build.0 = Release|Any CPU
		{8DE5EAA6-08AD-4EB3-BCD8-07089F31B168}.Debug|Any CPU.ActiveCfg = Debug|Any CPU
		{8DE5EAA6-08AD-4EB3-BCD8-07089F31B168}.Debug|Any CPU.Build.0 = Debug|Any CPU
		{8DE5EAA6-08AD-4EB3-BCD8-07089F31B168}.Release|Any CPU.ActiveCfg = Release|Any CPU
		{8DE5EAA6-08AD-4EB3-BCD8-07089F31B168}.Release|Any CPU.Build.0 = Release|Any CPU
		{91CF403B-E0D7-402F-88D7-BE3B557315FF}.Debug|Any CPU.ActiveCfg = Debug|Any CPU
		{91CF403B-E0D7-402F-88D7-BE3B557315FF}.Debug|Any CPU.Build.0 = Debug|Any CPU
		{91CF403B-E0D7-402F-88D7-BE3B557315FF}.Release|Any CPU.ActiveCfg = Release|Any CPU
		{91CF403B-E0D7-402F-88D7-BE3B557315FF}.Release|Any CPU.Build.0 = Release|Any CPU
		{4DC8E1C2-06DD-4ED9-8730-625C88F9C7AD}.Debug|Any CPU.ActiveCfg = Debug|Any CPU
		{4DC8E1C2-06DD-4ED9-8730-625C88F9C7AD}.Debug|Any CPU.Build.0 = Debug|Any CPU
		{4DC8E1C2-06DD-4ED9-8730-625C88F9C7AD}.Release|Any CPU.ActiveCfg = Release|Any CPU
		{4DC8E1C2-06DD-4ED9-8730-625C88F9C7AD}.Release|Any CPU.Build.0 = Release|Any CPU
		{F910C408-5A8A-4805-9CF6-58AA8CAEE63A}.Debug|Any CPU.ActiveCfg = Debug|Any CPU
		{F910C408-5A8A-4805-9CF6-58AA8CAEE63A}.Debug|Any CPU.Build.0 = Debug|Any CPU
		{F910C408-5A8A-4805-9CF6-58AA8CAEE63A}.Release|Any CPU.ActiveCfg = Release|Any CPU
		{F910C408-5A8A-4805-9CF6-58AA8CAEE63A}.Release|Any CPU.Build.0 = Release|Any CPU
		{D692C1BF-28CD-41A3-B3D3-A6FED3819F93}.Debug|Any CPU.ActiveCfg = Debug|Any CPU
		{D692C1BF-28CD-41A3-B3D3-A6FED3819F93}.Debug|Any CPU.Build.0 = Debug|Any CPU
		{D692C1BF-28CD-41A3-B3D3-A6FED3819F93}.Release|Any CPU.ActiveCfg = Release|Any CPU
		{D692C1BF-28CD-41A3-B3D3-A6FED3819F93}.Release|Any CPU.Build.0 = Release|Any CPU
		{5AF59313-D06B-4241-A017-6CF4B5A83E89}.Debug|Any CPU.ActiveCfg = Debug|Any CPU
		{5AF59313-D06B-4241-A017-6CF4B5A83E89}.Debug|Any CPU.Build.0 = Debug|Any CPU
		{5AF59313-D06B-4241-A017-6CF4B5A83E89}.Release|Any CPU.ActiveCfg = Release|Any CPU
		{5AF59313-D06B-4241-A017-6CF4B5A83E89}.Release|Any CPU.Build.0 = Release|Any CPU
		{A28D42C6-0E42-4890-9A97-C1D17B4368FD}.Debug|Any CPU.ActiveCfg = Debug|Any CPU
		{A28D42C6-0E42-4890-9A97-C1D17B4368FD}.Debug|Any CPU.Build.0 = Debug|Any CPU
		{A28D42C6-0E42-4890-9A97-C1D17B4368FD}.Release|Any CPU.ActiveCfg = Release|Any CPU
		{A28D42C6-0E42-4890-9A97-C1D17B4368FD}.Release|Any CPU.Build.0 = Release|Any CPU
		{2445F1CC-38CD-4732-B673-47F607C64670}.Debug|Any CPU.ActiveCfg = Debug|Any CPU
		{2445F1CC-38CD-4732-B673-47F607C64670}.Debug|Any CPU.Build.0 = Debug|Any CPU
		{2445F1CC-38CD-4732-B673-47F607C64670}.Release|Any CPU.ActiveCfg = Release|Any CPU
		{2445F1CC-38CD-4732-B673-47F607C64670}.Release|Any CPU.Build.0 = Release|Any CPU
		{FB694B0B-490B-45A5-8697-DC52D6594D48}.Debug|Any CPU.ActiveCfg = Debug|Any CPU
		{FB694B0B-490B-45A5-8697-DC52D6594D48}.Debug|Any CPU.Build.0 = Debug|Any CPU
		{FB694B0B-490B-45A5-8697-DC52D6594D48}.Release|Any CPU.ActiveCfg = Release|Any CPU
		{FB694B0B-490B-45A5-8697-DC52D6594D48}.Release|Any CPU.Build.0 = Release|Any CPU
		{65E56FAE-0DF5-4879-A1DD-37A9908C1578}.Debug|Any CPU.ActiveCfg = Debug|Any CPU
		{65E56FAE-0DF5-4879-A1DD-37A9908C1578}.Debug|Any CPU.Build.0 = Debug|Any CPU
		{65E56FAE-0DF5-4879-A1DD-37A9908C1578}.Release|Any CPU.ActiveCfg = Release|Any CPU
		{65E56FAE-0DF5-4879-A1DD-37A9908C1578}.Release|Any CPU.Build.0 = Release|Any CPU
		{DC7E40F3-7063-4533-9132-B11EA6A4C9DF}.Debug|Any CPU.ActiveCfg = Debug|Any CPU
		{DC7E40F3-7063-4533-9132-B11EA6A4C9DF}.Debug|Any CPU.Build.0 = Debug|Any CPU
		{DC7E40F3-7063-4533-9132-B11EA6A4C9DF}.Release|Any CPU.ActiveCfg = Release|Any CPU
		{DC7E40F3-7063-4533-9132-B11EA6A4C9DF}.Release|Any CPU.Build.0 = Release|Any CPU
		{04ACAEF0-C401-4BF2-87F1-097EA2ED3345}.Debug|Any CPU.ActiveCfg = Debug|Any CPU
		{04ACAEF0-C401-4BF2-87F1-097EA2ED3345}.Debug|Any CPU.Build.0 = Debug|Any CPU
		{04ACAEF0-C401-4BF2-87F1-097EA2ED3345}.Release|Any CPU.ActiveCfg = Release|Any CPU
		{04ACAEF0-C401-4BF2-87F1-097EA2ED3345}.Release|Any CPU.Build.0 = Release|Any CPU
		{667B1BE7-0EC6-4AEA-B57F-3562B3C2222C}.Debug|Any CPU.ActiveCfg = Debug|Any CPU
		{667B1BE7-0EC6-4AEA-B57F-3562B3C2222C}.Debug|Any CPU.Build.0 = Debug|Any CPU
		{667B1BE7-0EC6-4AEA-B57F-3562B3C2222C}.Release|Any CPU.ActiveCfg = Release|Any CPU
		{667B1BE7-0EC6-4AEA-B57F-3562B3C2222C}.Release|Any CPU.Build.0 = Release|Any CPU
		{06542B2E-F248-4885-913B-92C4EAA3990A}.Debug|Any CPU.ActiveCfg = Debug|Any CPU
		{06542B2E-F248-4885-913B-92C4EAA3990A}.Debug|Any CPU.Build.0 = Debug|Any CPU
		{06542B2E-F248-4885-913B-92C4EAA3990A}.Release|Any CPU.ActiveCfg = Release|Any CPU
		{06542B2E-F248-4885-913B-92C4EAA3990A}.Release|Any CPU.Build.0 = Release|Any CPU
		{3CE21588-D0CE-45E8-B4B7-D752B04FEF09}.Debug|Any CPU.ActiveCfg = Debug|Any CPU
		{3CE21588-D0CE-45E8-B4B7-D752B04FEF09}.Debug|Any CPU.Build.0 = Debug|Any CPU
		{3CE21588-D0CE-45E8-B4B7-D752B04FEF09}.Release|Any CPU.ActiveCfg = Release|Any CPU
		{3CE21588-D0CE-45E8-B4B7-D752B04FEF09}.Release|Any CPU.Build.0 = Release|Any CPU
		{AD3EAAE0-4DB2-462E-8A59-C481A1231ED7}.Debug|Any CPU.ActiveCfg = Debug|Any CPU
		{AD3EAAE0-4DB2-462E-8A59-C481A1231ED7}.Debug|Any CPU.Build.0 = Debug|Any CPU
		{AD3EAAE0-4DB2-462E-8A59-C481A1231ED7}.Release|Any CPU.ActiveCfg = Release|Any CPU
		{AD3EAAE0-4DB2-462E-8A59-C481A1231ED7}.Release|Any CPU.Build.0 = Release|Any CPU
	EndGlobalSection
	GlobalSection(SolutionProperties) = preSolution
		HideSolutionNode = FALSE
	EndGlobalSection
	GlobalSection(NestedProjects) = preSolution
		{56FD9C52-5F16-44D0-84A5-84FF6109A553} = {9F0683E0-E4A4-420B-B98A-2C8044C1A95F}
		{BF856DB4-203E-470A-B2BB-8C715B4E8E97} = {9F0683E0-E4A4-420B-B98A-2C8044C1A95F}
		{582D30A4-2393-4BAA-93EA-BC47408A701C} = {9F0683E0-E4A4-420B-B98A-2C8044C1A95F}
		{E15F78FC-FDCE-4AF2-BDFE-43772AE477CF} = {F2C2A331-87D3-4AB2-8FED-D15B3EAC0187}
		{D94A3DB7-6955-4287-8707-085E39523D9A} = {F2C2A331-87D3-4AB2-8FED-D15B3EAC0187}
		{F00E0920-E456-46A9-AB66-5648DFA60438} = {F2C2A331-87D3-4AB2-8FED-D15B3EAC0187}
		{DBC25DA6-4CCC-4305-A4BC-33BCBD897828} = {C9C30714-9F19-4762-ABBA-B2CB9E25348B}
		{DA3815A7-EF42-437D-975D-5BCCC86EC864} = {C9C30714-9F19-4762-ABBA-B2CB9E25348B}
		{8DE5EAA6-08AD-4EB3-BCD8-07089F31B168} = {C9C30714-9F19-4762-ABBA-B2CB9E25348B}
		{91CF403B-E0D7-402F-88D7-BE3B557315FF} = {048E65B9-0BAA-4FF1-BAFC-DCEBBBF30888}
		{4DC8E1C2-06DD-4ED9-8730-625C88F9C7AD} = {048E65B9-0BAA-4FF1-BAFC-DCEBBBF30888}
		{F910C408-5A8A-4805-9CF6-58AA8CAEE63A} = {048E65B9-0BAA-4FF1-BAFC-DCEBBBF30888}
		{D692C1BF-28CD-41A3-B3D3-A6FED3819F93} = {9ADD5228-2C47-4D5C-AFB0-4B06404557FD}
		{5AF59313-D06B-4241-A017-6CF4B5A83E89} = {9ADD5228-2C47-4D5C-AFB0-4B06404557FD}
		{A28D42C6-0E42-4890-9A97-C1D17B4368FD} = {9ADD5228-2C47-4D5C-AFB0-4B06404557FD}
		{2445F1CC-38CD-4732-B673-47F607C64670} = {0A75D61B-8B6D-4321-9BC2-AC9F0A1F3C8D}
		{FB694B0B-490B-45A5-8697-DC52D6594D48} = {0A75D61B-8B6D-4321-9BC2-AC9F0A1F3C8D}
		{65E56FAE-0DF5-4879-A1DD-37A9908C1578} = {0A75D61B-8B6D-4321-9BC2-AC9F0A1F3C8D}
		{DC7E40F3-7063-4533-9132-B11EA6A4C9DF} = {CF0C5302-B407-421B-85EF-981BAA0852C5}
		{04ACAEF0-C401-4BF2-87F1-097EA2ED3345} = {CF0C5302-B407-421B-85EF-981BAA0852C5}
		{667B1BE7-0EC6-4AEA-B57F-3562B3C2222C} = {CF0C5302-B407-421B-85EF-981BAA0852C5}
		{06542B2E-F248-4885-913B-92C4EAA3990A} = {FBAAFE47-7726-4520-A7C7-38D074CB084D}
		{3CE21588-D0CE-45E8-B4B7-D752B04FEF09} = {FBAAFE47-7726-4520-A7C7-38D074CB084D}
		{AD3EAAE0-4DB2-462E-8A59-C481A1231ED7} = {FBAAFE47-7726-4520-A7C7-38D074CB084D}
	EndGlobalSection
	GlobalSection(ExtensibilityGlobals) = postSolution
		SolutionGuid = {188136D9-329F-46C2-B969-4C32D6DC674C}
	EndGlobalSection
EndGlobal
