
Microsoft Visual Studio Solution File, Format Version 12.00
# Visual Studio Version 16
VisualStudioVersion = 16.0.34031.81
MinimumVisualStudioVersion = 10.0.40219.1
Project("{2150E333-8FDC-42A3-9474-1A3956D46DE8}") = "Task0", "Task0", "{9F0683E0-E4A4-420B-B98A-2C8044C1A95F}"
EndProject
Project("{FAE04EC0-301F-11D3-BF4B-00C04F79EFBC}") = "Tyuiu.MalsagovUA.Sprint5.Task0.V27", "Tyuiu.MalsagovUA.Sprint5.Task0.V27\Tyuiu.MalsagovUA.Sprint5.Task0.V27.csproj", "{56FD9C52-5F16-44D0-84A5-84FF6109A553}"
EndProject
Project("{FAE04EC0-301F-11D3-BF4B-00C04F79EFBC}") = "Tyuiu.MalsagovUA.Sprint5.Task0.V27.Lib", "Tyuiu.MalsagovUA.Sprint5.Task0.V27.Lib\Tyuiu.MalsagovUA.Sprint5.Task0.V27.Lib.csproj", "{BF856DB4-203E-470A-B2BB-8C715B4E8E97}"
EndProject
Project("{FAE04EC0-301F-11D3-BF4B-00C04F79EFBC}") = "Tyuiu.MalsagovUA.Sprint5.Task0.V27.Test", "Tyuiu.MalsagovUA.Sprint5.Task0.V27.Test\Tyuiu.MalsagovUA.Sprint5.Task0.V27.Test.csproj", "{582D30A4-2393-4BAA-93EA-BC47408A701C}"
EndProject
Project("{2150E333-8FDC-42A3-9474-1A3956D46DE8}") = "Task1", "Task1", "{F2C2A331-87D3-4AB2-8FED-D15B3EAC0187}"
EndProject
Project("{FAE04EC0-301F-11D3-BF4B-00C04F79EFBC}") = "Tyuiu.MalsagovUA.Sprint5.Task1.V10", "Tyuiu.MalsagovUA.Sprint5.Task1.V10\Tyuiu.MalsagovUA.Sprint5.Task1.V10.csproj", "{E15F78FC-FDCE-4AF2-BDFE-43772AE477CF}"
EndProject
Project("{FAE04EC0-301F-11D3-BF4B-00C04F79EFBC}") = "Tyuiu.MalsagovUA.Sprint5.Task1.V10.Lib", "Tyuiu.MalsagovUA.Sprint5.Task1.V10.Lib\Tyuiu.MalsagovUA.Sprint5.Task1.V10.Lib.csproj", "{D94A3DB7-6955-4287-8707-085E39523D9A}"
EndProject
Project("{FAE04EC0-301F-11D3-BF4B-00C04F79EFBC}") = "Tyuiu.MalsagovUA.Sprint5.Task1.V10.Test", "Tyuiu.MalsagovUA.Sprint5.Task1.V10.Test\Tyuiu.MalsagovUA.Sprint5.Task1.V10.Test.csproj", "{F00E0920-E456-46A9-AB66-5648DFA60438}"
EndProject
Project("{2150E333-8FDC-42A3-9474-1A3956D46DE8}") = "Task2", "Task2", "{C9C30714-9F19-4762-ABBA-B2CB9E25348B}"
EndProject
Project("{FAE04EC0-301F-11D3-BF4B-00C04F79EFBC}") = "Tyuiu.MalsagovUA.Sprint5.Task2.V19", "Tyuiu.MalsagovUA.Sprint5.Task2.V19\Tyuiu.MalsagovUA.Sprint5.Task2.V19.csproj", "{DBC25DA6-4CCC-4305-A4BC-33BCBD897828}"
EndProject
Project("{FAE04EC0-301F-11D3-BF4B-00C04F79EFBC}") = "Tyuiu.MalsagovUA.Sprint5.Task2.V19.Lib", "Tyuiu.MalsagovUA.Sprint5.Task2.V19.Lib\Tyuiu.MalsagovUA.Sprint5.Task2.V19.Lib.csproj", "{DA3815A7-EF42-437D-975D-5BCCC86EC864}"
EndProject
Project("{FAE04EC0-301F-11D3-BF4B-00C04F79EFBC}") = "Tyuiu.MalsagovUA.Sprint5.Task2.V19.Test", "Tyuiu.MalsagovUA.Sprint5.Task2.V19.Test\Tyuiu.MalsagovUA.Sprint5.Task2.V19.Test.csproj", "{8DE5EAA6-08AD-4EB3-BCD8-07089F31B168}"
EndProject
Global
	GlobalSection(SolutionConfigurationPlatforms) = preSolution
		Debug|Any CPU = Debug|Any CPU
		Release|Any CPU = Release|Any CPU
	EndGlobalSection
	GlobalSection(ProjectConfigurationPlatforms) = postSolution
		{56FD9C52-5F16-44D0-84A5-84FF6109A553}.Debug|Any CPU.ActiveCfg = Debug|Any CPU
		{56FD9C52-5F16-44D0-84A5-84FF6109A553}.Debug|Any CPU.Build.0 = Debug|Any CPU
		{56FD9C52-5F16-44D0-84A5-84FF6109A553}.Release|Any CPU.ActiveCfg = Release|Any CPU
		{56FD9C52-5F16-44D0-84A5-84FF6109A553}.Release|Any CPU.Build.0 = Release|Any CPU
		{BF856DB4-203E-470A-B2BB-8C715B4E8E97}.Debug|Any CPU.ActiveCfg = Debug|Any CPU
		{BF856DB4-203E-470A-B2BB-8C715B4E8E97}.Debug|Any CPU.Build.0 = Debug|Any CPU
		{BF856DB4-203E-470A-B2BB-8C715B4E8E97}.Release|Any CPU.ActiveCfg = Release|Any CPU
		{BF856DB4-203E-470A-B2BB-8C715B4E8E97}.Release|Any CPU.Build.0 = Release|Any CPU
		{582D30A4-2393-4BAA-93EA-BC47408A701C}.Debug|Any CPU.ActiveCfg = Debug|Any CPU
		{582D30A4-2393-4BAA-93EA-BC47408A701C}.Debug|Any CPU.Build.0 = Debug|Any CPU
		{582D30A4-2393-4BAA-93EA-BC47408A701C}.Release|Any CPU.ActiveCfg = Release|Any CPU
		{582D30A4-2393-4BAA-93EA-BC47408A701C}.Release|Any CPU.Build.0 = Release|Any CPU
		{E15F78FC-FDCE-4AF2-BDFE-43772AE477CF}.Debug|Any CPU.ActiveCfg = Debug|Any CPU
		{E15F78FC-FDCE-4AF2-BDFE-43772AE477CF}.Debug|Any CPU.Build.0 = Debug|Any CPU
		{E15F78FC-FDCE-4AF2-BDFE-43772AE477CF}.Release|Any CPU.ActiveCfg = Release|Any CPU
		{E15F78FC-FDCE-4AF2-BDFE-43772AE477CF}.Release|Any CPU.Build.0 = Release|Any CPU
		{D94A3DB7-6955-4287-8707-085E39523D9A}.Debug|Any CPU.ActiveCfg = Debug|Any CPU
		{D94A3DB7-6955-4287-8707-085E39523D9A}.Debug|Any CPU.Build.0 = Debug|Any CPU
		{D94A3DB7-6955-4287-8707-085E39523D9A}.Release|Any CPU.ActiveCfg = Release|Any CPU
		{D94A3DB7-6955-4287-8707-085E39523D9A}.Release|Any CPU.Build.0 = Release|Any CPU
		{F00E0920-E456-46A9-AB66-5648DFA60438}.Debug|Any CPU.ActiveCfg = Debug|Any CPU
		{F00E0920-E456-46A9-AB66-5648DFA60438}.Debug|Any CPU.Build.0 = Debug|Any CPU
		{F00E0920-E456-46A9-AB66-5648DFA60438}.Release|Any CPU.ActiveCfg = Release|Any CPU
		{F00E0920-E456-46A9-AB66-5648DFA60438}.Release|Any CPU.Build.0 = Release|Any CPU
		{DBC25DA6-4CCC-4305-A4BC-33BCBD897828}.Debug|Any CPU.ActiveCfg = Debug|Any CPU
		{DBC25DA6-4CCC-4305-A4BC-33BCBD897828}.Debug|Any CPU.Build.0 = Debug|Any CPU
		{DBC25DA6-4CCC-4305-A4BC-33BCBD897828}.Release|Any CPU.ActiveCfg = Release|Any CPU
		{DBC25DA6-4CCC-4305-A4BC-33BCBD897828}.Release|Any CPU.Build.0 = Release|Any CPU
		{DA3815A7-EF42-437D-975D-5BCCC86EC864}.Debug|Any CPU.ActiveCfg = Debug|Any CPU
		{DA3815A7-EF42-437D-975D-5BCCC86EC864}.Debug|Any CPU.Build.0 = Debug|Any CPU
		{DA3815A7-EF42-437D-975D-5BCCC86EC864}.Release|Any CPU.ActiveCfg = Release|Any CPU
		{DA3815A7-EF42-437D-975D-5BCCC86EC864}.Release|Any CPU.Build.0 = Release|Any CPU
		{8DE5EAA6-08AD-4EB3-BCD8-07089F31B168}.Debug|Any CPU.ActiveCfg = Debug|Any CPU
		{8DE5EAA6-08AD-4EB3-BCD8-07089F31B168}.Debug|Any CPU.Build.0 = Debug|Any CPU
		{8DE5EAA6-08AD-4EB3-BCD8-07089F31B168}.Release|Any CPU.ActiveCfg = Release|Any CPU
		{8DE5EAA6-08AD-4EB3-BCD8-07089F31B168}.Release|Any CPU.Build.0 = Release|Any CPU
	EndGlobalSection
	GlobalSection(SolutionProperties) = preSolution
		HideSolutionNode = FALSE
	EndGlobalSection
	GlobalSection(NestedProjects) = preSolution
		{56FD9C52-5F16-44D0-84A5-84FF6109A553} = {9F0683E0-E4A4-420B-B98A-2C8044C1A95F}
		{BF856DB4-203E-470A-B2BB-8C715B4E8E97} = {9F0683E0-E4A4-420B-B98A-2C8044C1A95F}
		{582D30A4-2393-4BAA-93EA-BC47408A701C} = {9F0683E0-E4A4-420B-B98A-2C8044C1A95F}
		{E15F78FC-FDCE-4AF2-BDFE-43772AE477CF} = {F2C2A331-87D3-4AB2-8FED-D15B3EAC0187}
		{D94A3DB7-6955-4287-8707-085E39523D9A} = {F2C2A331-87D3-4AB2-8FED-D15B3EAC0187}
		{F00E0920-E456-46A9-AB66-5648DFA60438} = {F2C2A331-87D3-4AB2-8FED-D15B3EAC0187}
		{DBC25DA6-4CCC-4305-A4BC-33BCBD897828} = {C9C30714-9F19-4762-ABBA-B2CB9E25348B}
		{DA3815A7-EF42-437D-975D-5BCCC86EC864} = {C9C30714-9F19-4762-ABBA-B2CB9E25348B}
		{8DE5EAA6-08AD-4EB3-BCD8-07089F31B168} = {C9C30714-9F19-4762-ABBA-B2CB9E25348B}
	EndGlobalSection
	GlobalSection(ExtensibilityGlobals) = postSolution
		SolutionGuid = {188136D9-329F-46C2-B969-4C32D6DC674C}
	EndGlobalSection
EndGlobal
